
Microsoft Visual Studio Solution File, Format Version 12.00
# Visual Studio 15
VisualStudioVersion = 15.0.28307.1082
MinimumVisualStudioVersion = 10.0.40219.1
Project("{888888A0-9F3D-457C-B088-3A5042F75D52}") = "RandomEx", "RandomEx\RandomEx.pyproj", "{C3CD526B-736B-409F-9783-B44A1E1B2CCD}"
EndProject
Global
	GlobalSection(SolutionConfigurationPlatforms) = preSolution
		Debug|Any CPU = Debug|Any CPU
		Release|Any CPU = Release|Any CPU
	EndGlobalSection
	GlobalSection(ProjectConfigurationPlatforms) = postSolution
		{C3CD526B-736B-409F-9783-B44A1E1B2CCD}.Debug|Any CPU.ActiveCfg = Debug|Any CPU
		{C3CD526B-736B-409F-9783-B44A1E1B2CCD}.Release|Any CPU.ActiveCfg = Release|Any CPU
	EndGlobalSection
	GlobalSection(SolutionProperties) = preSolution
		HideSolutionNode = FALSE
	EndGlobalSection
	GlobalSection(ExtensibilityGlobals) = postSolution
		SolutionGuid = {186D6551-DF76-493D-9412-589BBDB0BFB7}
	EndGlobalSection
EndGlobal
